
Microsoft Visual Studio Solution File, Format Version 12.00
# Visual Studio Version 16
VisualStudioVersion = 16.0.30804.86
MinimumVisualStudioVersion = 10.0.40219.1
Project("{FAE04EC0-301F-11D3-BF4B-00C04F79EFBC}") = "LabTask_2", "LabTask_2.csproj", "{0F3F273F-C9C4-4C06-9E9B-12D72EA191B8}"
EndProject
Global
	GlobalSection(SolutionConfigurationPlatforms) = preSolution
		Debug|Any CPU = Debug|Any CPU
		Release|Any CPU = Release|Any CPU
	EndGlobalSection
	GlobalSection(ProjectConfigurationPlatforms) = postSolution
		{0F3F273F-C9C4-4C06-9E9B-12D72EA191B8}.Debug|Any CPU.ActiveCfg = Debug|Any CPU
		{0F3F273F-C9C4-4C06-9E9B-12D72EA191B8}.Debug|Any CPU.Build.0 = Debug|Any CPU
		{0F3F273F-C9C4-4C06-9E9B-12D72EA191B8}.Release|Any CPU.ActiveCfg = Release|Any CPU
		{0F3F273F-C9C4-4C06-9E9B-12D72EA191B8}.Release|Any CPU.Build.0 = Release|Any CPU
	EndGlobalSection
	GlobalSection(SolutionProperties) = preSolution
		HideSolutionNode = FALSE
	EndGlobalSection
	GlobalSection(ExtensibilityGlobals) = postSolution
		SolutionGuid = {B8B6CF60-F76E-47CA-8550-5DA7524C0FC5}
	EndGlobalSection
EndGlobal
