
Microsoft Visual Studio Solution File, Format Version 12.00
# Visual Studio Version 16
VisualStudioVersion = 16.0.30804.86
MinimumVisualStudioVersion = 10.0.40219.1
Project("{FAE04EC0-301F-11D3-BF4B-00C04F79EFBC}") = "regform", "regform.csproj", "{2B358DD2-CE23-4053-8FB1-B2226BF8DADD}"
EndProject
Global
	GlobalSection(SolutionConfigurationPlatforms) = preSolution
		Debug|Any CPU = Debug|Any CPU
		Release|Any CPU = Release|Any CPU
	EndGlobalSection
	GlobalSection(ProjectConfigurationPlatforms) = postSolution
		{2B358DD2-CE23-4053-8FB1-B2226BF8DADD}.Debug|Any CPU.ActiveCfg = Debug|Any CPU
		{2B358DD2-CE23-4053-8FB1-B2226BF8DADD}.Debug|Any CPU.Build.0 = Debug|Any CPU
		{2B358DD2-CE23-4053-8FB1-B2226BF8DADD}.Release|Any CPU.ActiveCfg = Release|Any CPU
		{2B358DD2-CE23-4053-8FB1-B2226BF8DADD}.Release|Any CPU.Build.0 = Release|Any CPU
	EndGlobalSection
	GlobalSection(SolutionProperties) = preSolution
		HideSolutionNode = FALSE
	EndGlobalSection
	GlobalSection(ExtensibilityGlobals) = postSolution
		SolutionGuid = {AA710C5A-4BB2-4678-8082-801C08F65DF8}
	EndGlobalSection
EndGlobal
